
Microsoft Visual Studio Solution File, Format Version 12.00
# Visual Studio 15
VisualStudioVersion = 15.0.28307.329
MinimumVisualStudioVersion = 10.0.40219.1
Project("{FAE04EC0-301F-11D3-BF4B-00C04F79EFBC}") = "1", "ConsoleApp1\1.csproj", "{1804AB0B-A038-44F7-BD9B-A8221D7D7548}"
EndProject
Project("{FAE04EC0-301F-11D3-BF4B-00C04F79EFBC}") = "2", "2\2.csproj", "{5800044F-07F8-47A0-A720-D37AB7C5D7B1}"
EndProject
Project("{FAE04EC0-301F-11D3-BF4B-00C04F79EFBC}") = "3", "3\3.csproj", "{3A5346EC-C69B-4866-88A1-362407B2254A}"
EndProject
Project("{FAE04EC0-301F-11D3-BF4B-00C04F79EFBC}") = "4", "4\4.csproj", "{B82326BB-1851-4A00-9C5C-E4BBA82A2CB6}"
EndProject
Project("{FAE04EC0-301F-11D3-BF4B-00C04F79EFBC}") = "5", "5\5.csproj", "{AE7FE545-454D-462B-978B-67A5D311340C}"
EndProject
Project("{FAE04EC0-301F-11D3-BF4B-00C04F79EFBC}") = "6", "6\6.csproj", "{94AF2960-8754-4F2F-A5D5-539676F2BD73}"
EndProject
Global
	GlobalSection(SolutionConfigurationPlatforms) = preSolution
		Debug|Any CPU = Debug|Any CPU
		Release|Any CPU = Release|Any CPU
	EndGlobalSection
	GlobalSection(ProjectConfigurationPlatforms) = postSolution
		{1804AB0B-A038-44F7-BD9B-A8221D7D7548}.Debug|Any CPU.ActiveCfg = Debug|Any CPU
		{1804AB0B-A038-44F7-BD9B-A8221D7D7548}.Debug|Any CPU.Build.0 = Debug|Any CPU
		{1804AB0B-A038-44F7-BD9B-A8221D7D7548}.Release|Any CPU.ActiveCfg = Release|Any CPU
		{1804AB0B-A038-44F7-BD9B-A8221D7D7548}.Release|Any CPU.Build.0 = Release|Any CPU
		{5800044F-07F8-47A0-A720-D37AB7C5D7B1}.Debug|Any CPU.ActiveCfg = Debug|Any CPU
		{5800044F-07F8-47A0-A720-D37AB7C5D7B1}.Debug|Any CPU.Build.0 = Debug|Any CPU
		{5800044F-07F8-47A0-A720-D37AB7C5D7B1}.Release|Any CPU.ActiveCfg = Release|Any CPU
		{5800044F-07F8-47A0-A720-D37AB7C5D7B1}.Release|Any CPU.Build.0 = Release|Any CPU
		{3A5346EC-C69B-4866-88A1-362407B2254A}.Debug|Any CPU.ActiveCfg = Debug|Any CPU
		{3A5346EC-C69B-4866-88A1-362407B2254A}.Debug|Any CPU.Build.0 = Debug|Any CPU
		{3A5346EC-C69B-4866-88A1-362407B2254A}.Release|Any CPU.ActiveCfg = Release|Any CPU
		{3A5346EC-C69B-4866-88A1-362407B2254A}.Release|Any CPU.Build.0 = Release|Any CPU
		{B82326BB-1851-4A00-9C5C-E4BBA82A2CB6}.Debug|Any CPU.ActiveCfg = Debug|Any CPU
		{B82326BB-1851-4A00-9C5C-E4BBA82A2CB6}.Debug|Any CPU.Build.0 = Debug|Any CPU
		{B82326BB-1851-4A00-9C5C-E4BBA82A2CB6}.Release|Any CPU.ActiveCfg = Release|Any CPU
		{B82326BB-1851-4A00-9C5C-E4BBA82A2CB6}.Release|Any CPU.Build.0 = Release|Any CPU
		{AE7FE545-454D-462B-978B-67A5D311340C}.Debug|Any CPU.ActiveCfg = Debug|Any CPU
		{AE7FE545-454D-462B-978B-67A5D311340C}.Debug|Any CPU.Build.0 = Debug|Any CPU
		{AE7FE545-454D-462B-978B-67A5D311340C}.Release|Any CPU.ActiveCfg = Release|Any CPU
		{AE7FE545-454D-462B-978B-67A5D311340C}.Release|Any CPU.Build.0 = Release|Any CPU
		{94AF2960-8754-4F2F-A5D5-539676F2BD73}.Debug|Any CPU.ActiveCfg = Debug|Any CPU
		{94AF2960-8754-4F2F-A5D5-539676F2BD73}.Debug|Any CPU.Build.0 = Debug|Any CPU
		{94AF2960-8754-4F2F-A5D5-539676F2BD73}.Release|Any CPU.ActiveCfg = Release|Any CPU
		{94AF2960-8754-4F2F-A5D5-539676F2BD73}.Release|Any CPU.Build.0 = Release|Any CPU
	EndGlobalSection
	GlobalSection(SolutionProperties) = preSolution
		HideSolutionNode = FALSE
	EndGlobalSection
	GlobalSection(ExtensibilityGlobals) = postSolution
		SolutionGuid = {61A60C91-7CC6-4B4F-B02F-21BBAAB19B09}
	EndGlobalSection
EndGlobal
